
Microsoft Visual Studio Solution File, Format Version 12.00
# Visual Studio Version 17
VisualStudioVersion = 17.12.35707.178 d17.12
MinimumVisualStudioVersion = 10.0.40219.1
Project("{FAE04EC0-301F-11D3-BF4B-00C04F79EFBC}") = "Graphium", "Graphium\Graphium.csproj", "{397D9066-6DC3-4B4C-99C2-334CA90B3868}"
EndProject
Project("{FAE04EC0-301F-11D3-BF4B-00C04F79EFBC}") = "DataHub", "DataHub\DataHub\DataHub.csproj", "{BAE30D15-747A-43D9-93FC-DA8961ECC88D}"
EndProject
Global
	GlobalSection(SolutionConfigurationPlatforms) = preSolution
		Debug|Any CPU = Debug|Any CPU
		Release|Any CPU = Release|Any CPU
	EndGlobalSection
	GlobalSection(ProjectConfigurationPlatforms) = postSolution
		{397D9066-6DC3-4B4C-99C2-334CA90B3868}.Debug|Any CPU.ActiveCfg = Debug|Any CPU
		{397D9066-6DC3-4B4C-99C2-334CA90B3868}.Debug|Any CPU.Build.0 = Debug|Any CPU
		{397D9066-6DC3-4B4C-99C2-334CA90B3868}.Release|Any CPU.ActiveCfg = Release|Any CPU
		{397D9066-6DC3-4B4C-99C2-334CA90B3868}.Release|Any CPU.Build.0 = Release|Any CPU
		{BAE30D15-747A-43D9-93FC-DA8961ECC88D}.Debug|Any CPU.ActiveCfg = Debug|Any CPU
		{BAE30D15-747A-43D9-93FC-DA8961ECC88D}.Debug|Any CPU.Build.0 = Debug|Any CPU
		{BAE30D15-747A-43D9-93FC-DA8961ECC88D}.Release|Any CPU.ActiveCfg = Release|Any CPU
		{BAE30D15-747A-43D9-93FC-DA8961ECC88D}.Release|Any CPU.Build.0 = Release|Any CPU
	EndGlobalSection
	GlobalSection(SolutionProperties) = preSolution
		HideSolutionNode = FALSE
	EndGlobalSection
EndGlobal
